// !$*UTF8*$!
{
	archiveVersion = 1;
	classes = {
	};
	objectVersion = 50;
	objects = {

/* Begin PBXBuildFile section */
		5C7117DE22F6531600C8EA76 /* AppDelegate.swift in Sources */ = {isa = PBXBuildFile; fileRef = 5C7117DD22F6531600C8EA76 /* AppDelegate.swift */; };
		5C7117E222F6531600C8EA76 /* ViewController.swift in Sources */ = {isa = PBXBuildFile; fileRef = 5C7117E122F6531600C8EA76 /* ViewController.swift */; };
		5C7117E522F6531600C8EA76 /* Main.storyboard in Resources */ = {isa = PBXBuildFile; fileRef = 5C7117E322F6531600C8EA76 /* Main.storyboard */; };
		5C7117E722F6531700C8EA76 /* Assets.xcassets in Resources */ = {isa = PBXBuildFile; fileRef = 5C7117E622F6531700C8EA76 /* Assets.xcassets */; };
		5C7117EA22F6531700C8EA76 /* LaunchScreen.storyboard in Resources */ = {isa = PBXBuildFile; fileRef = 5C7117E822F6531700C8EA76 /* LaunchScreen.storyboard */; };
		5C7117F222F66D0D00C8EA76 /* Scene.sks in Resources */ = {isa = PBXBuildFile; fileRef = 5C7117F122F66D0D00C8EA76 /* Scene.sks */; };
		5C7117F422F66D1E00C8EA76 /* Scene.swift in Sources */ = {isa = PBXBuildFile; fileRef = 5C7117F322F66D1E00C8EA76 /* Scene.swift */; };
/* End PBXBuildFile section */

/* Begin PBXFileReference section */
		5C7117DA22F6531600C8EA76 /* Kids_AR_Kid.app */ = {isa = PBXFileReference; explicitFileType = wrapper.application; includeInIndex = 0; path = Kids_AR_Kid.app; sourceTree = BUILT_PRODUCTS_DIR; };
		5C7117DD22F6531600C8EA76 /* AppDelegate.swift */ = {isa = PBXFileReference; lastKnownFileType = sourcecode.swift; path = AppDelegate.swift; sourceTree = "<group>"; };
		5C7117E122F6531600C8EA76 /* ViewController.swift */ = {isa = PBXFileReference; lastKnownFileType = sourcecode.swift; path = ViewController.swift; sourceTree = "<group>"; };
		5C7117E422F6531600C8EA76 /* Base */ = {isa = PBXFileReference; lastKnownFileType = file.storyboard; name = Base; path = Base.lproj/Main.storyboard; sourceTree = "<group>"; };
		5C7117E622F6531700C8EA76 /* Assets.xcassets */ = {isa = PBXFileReference; lastKnownFileType = folder.assetcatalog; path = Assets.xcassets; sourceTree = "<group>"; };
		5C7117E922F6531700C8EA76 /* Base */ = {isa = PBXFileReference; lastKnownFileType = file.storyboard; name = Base; path = Base.lproj/LaunchScreen.storyboard; sourceTree = "<group>"; };
		5C7117EB22F6531700C8EA76 /* Info.plist */ = {isa = PBXFileReference; lastKnownFileType = text.plist.xml; path = Info.plist; sourceTree = "<group>"; };
		5C7117F122F66D0D00C8EA76 /* Scene.sks */ = {isa = PBXFileReference; lastKnownFileType = file.sks; path = Scene.sks; sourceTree = "<group>"; };
		5C7117F322F66D1E00C8EA76 /* Scene.swift */ = {isa = PBXFileReference; lastKnownFileType = sourcecode.swift; path = Scene.swift; sourceTree = "<group>"; };
/* End PBXFileReference section */

/* Begin PBXFrameworksBuildPhase section */
		5C7117D722F6531600C8EA76 /* Frameworks */ = {
			isa = PBXFrameworksBuildPhase;
			buildActionMask = 2147483647;
			files = (
			);
			runOnlyForDeploymentPostprocessing = 0;
		};
/* End PBXFrameworksBuildPhase section */

/* Begin PBXGroup section */
		5C7117D122F6531600C8EA76 = {
			isa = PBXGroup;
			children = (
				5C7117DC22F6531600C8EA76 /* Kids_AR_Kid */,
				5C7117DB22F6531600C8EA76 /* Products */,
			);
			sourceTree = "<group>";
		};
		5C7117DB22F6531600C8EA76 /* Products */ = {
			isa = PBXGroup;
			children = (
				5C7117DA22F6531600C8EA76 /* Kids_AR_Kid.app */,
			);
			name = Products;
			sourceTree = "<group>";
		};
		5C7117DC22F6531600C8EA76 /* Kids_AR_Kid */ = {
			isa = PBXGroup;
			children = (
				5C7117DD22F6531600C8EA76 /* AppDelegate.swift */,
				5C7117E122F6531600C8EA76 /* ViewController.swift */,
				5C7117E322F6531600C8EA76 /* Main.storyboard */,
				5C7117E622F6531700C8EA76 /* Assets.xcassets */,
				5C7117E822F6531700C8EA76 /* LaunchScreen.storyboard */,
				5C7117EB22F6531700C8EA76 /* Info.plist */,
				5C7117F122F66D0D00C8EA76 /* Scene.sks */,
				5C7117F322F66D1E00C8EA76 /* Scene.swift */,
			);
			path = Kids_AR_Kid;
			sourceTree = "<group>";
		};
/* End PBXGroup section */

/* Begin PBXNativeTarget section */
		5C7117D922F6531600C8EA76 /* Kids_AR_Kid */ = {
			isa = PBXNativeTarget;
			buildConfigurationList = 5C7117EE22F6531700C8EA76 /* Build configuration list for PBXNativeTarget "Kids_AR_Kid" */;
			buildPhases = (
				5C7117D622F6531600C8EA76 /* Sources */,
				5C7117D722F6531600C8EA76 /* Frameworks */,
				5C7117D822F6531600C8EA76 /* Resources */,
			);
			buildRules = (
			);
			dependencies = (
			);
			name = Kids_AR_Kid;
			productName = Kids_AR_Kid;
			productReference = 5C7117DA22F6531600C8EA76 /* Kids_AR_Kid.app */;
			productType = "com.apple.product-type.application";
		};
/* End PBXNativeTarget section */

/* Begin PBXProject section */
		5C7117D222F6531600C8EA76 /* Project object */ = {
			isa = PBXProject;
			attributes = {
				LastSwiftUpdateCheck = 1020;
				LastUpgradeCheck = 1020;
				ORGANIZATIONNAME = JuliethAngel;
				TargetAttributes = {
					5C7117D922F6531600C8EA76 = {
						CreatedOnToolsVersion = 10.2.1;
					};
				};
			};
			buildConfigurationList = 5C7117D522F6531600C8EA76 /* Build configuration list for PBXProject "Kids_AR_Kid" */;
			compatibilityVersion = "Xcode 9.3";
			developmentRegion = en;
			hasScannedForEncodings = 0;
			knownRegions = (
				en,
				Base,
			);
			mainGroup = 5C7117D122F6531600C8EA76;
			productRefGroup = 5C7117DB22F6531600C8EA76 /* Products */;
			projectDirPath = "";
			projectRoot = "";
			targets = (
				5C7117D922F6531600C8EA76 /* Kids_AR_Kid */,
			);
		};
/* End PBXProject section */

/* Begin PBXResourcesBuildPhase section */
		5C7117D822F6531600C8EA76 /* Resources */ = {
			isa = PBXResourcesBuildPhase;
			buildActionMask = 2147483647;
			files = (
				5C7117EA22F6531700C8EA76 /* LaunchScreen.storyboard in Resources */,
				5C7117E722F6531700C8EA76 /* Assets.xcassets in Resources */,
				5C7117F222F66D0D00C8EA76 /* Scene.sks in Resources */,
				5C7117E522F6531600C8EA76 /* Main.storyboard in Resources */,
			);
			runOnlyForDeploymentPostprocessing = 0;
		};
/* End PBXResourcesBuildPhase section */

/* Begin PBXSourcesBuildPhase section */
		5C7117D622F6531600C8EA76 /* Sources */ = {
			isa = PBXSourcesBuildPhase;
			buildActionMask = 2147483647;
			files = (
				5C7117E222F6531600C8EA76 /* ViewController.swift in Sources */,
				5C7117DE22F6531600C8EA76 /* AppDelegate.swift in Sources */,
				5C7117F422F66D1E00C8EA76 /* Scene.swift in Sources */,
			);
			runOnlyForDeploymentPostprocessing = 0;
		};
/* End PBXSourcesBuildPhase section */

/* Begin PBXVariantGroup section */
		5C7117E322F6531600C8EA76 /* Main.storyboard */ = {
			isa = PBXVariantGroup;
			children = (
				5C7117E422F6531600C8EA76 /* Base */,
			);
			name = Main.storyboard;
			sourceTree = "<group>";
		};
		5C7117E822F6531700C8EA76 /* LaunchScreen.storyboard */ = {
			isa = PBXVariantGroup;
			children = (
				5C7117E922F6531700C8EA76 /* Base */,
			);
			name = LaunchScreen.storyboard;
			sourceTree = "<group>";
		};
/* End PBXVariantGroup section */

/* Begin XCBuildConfiguration section */
		5C7117EC22F6531700C8EA76 /* Debug */ = {
			isa = XCBuildConfiguration;
			buildSettings = {
				ALWAYS_SEARCH_USER_PATHS = NO;
				CLANG_ANALYZER_NONNULL = YES;
				CLANG_ANALYZER_NUMBER_OBJECT_CONVERSION = YES_AGGRESSIVE;
				CLANG_CXX_LANGUAGE_STANDARD = "gnu++14";
				CLANG_CXX_LIBRARY = "libc++";
				CLANG_ENABLE_MODULES = YES;
				CLANG_ENABLE_OBJC_ARC = YES;
				CLANG_ENABLE_OBJC_WEAK = YES;
				CLANG_WARN_BLOCK_CAPTURE_AUTORELEASING = YES;
				CLANG_WARN_BOOL_CONVERSION = YES;
				CLANG_WARN_COMMA = YES;
				CLANG_WARN_CONSTANT_CONVERSION = YES;
				CLANG_WARN_DEPRECATED_OBJC_IMPLEMENTATIONS = YES;
				CLANG_WARN_DIRECT_OBJC_ISA_USAGE = YES_ERROR;
				CLANG_WARN_DOCUMENTATION_COMMENTS = YES;
				CLANG_WARN_EMPTY_BODY = YES;
				CLANG_WARN_ENUM_CONVERSION = YES;
				CLANG_WARN_INFINITE_RECURSION = YES;
				CLANG_WARN_INT_CONVERSION = YES;
				CLANG_WARN_NON_LITERAL_NULL_CONVERSION = YES;
				CLANG_WARN_OBJC_IMPLICIT_RETAIN_SELF = YES;
				CLANG_WARN_OBJC_LITERAL_CONVERSION = YES;
				CLANG_WARN_OBJC_ROOT_CLASS = YES_ERROR;
				CLANG_WARN_RANGE_LOOP_ANALYSIS = YES;
				CLANG_WARN_STRICT_PROTOTYPES = YES;
				CLANG_WARN_SUSPICIOUS_MOVE = YES;
				CLANG_WARN_UNGUARDED_AVAILABILITY = YES_AGGRESSIVE;
				CLANG_WARN_UNREACHABLE_CODE = YES;
				CLANG_WARN__DUPLICATE_METHOD_MATCH = YES;
				CODE_SIGN_IDENTITY = "iPhone Developer";
				COPY_PHASE_STRIP = NO;
				DEBUG_INFORMATION_FORMAT = dwarf;
				ENABLE_STRICT_OBJC_MSGSEND = YES;
				ENABLE_TESTABILITY = YES;
				GCC_C_LANGUAGE_STANDARD = gnu11;
				GCC_DYNAMIC_NO_PIC = NO;
				GCC_NO_COMMON_BLOCKS = YES;
				GCC_OPTIMIZATION_LEVEL = 0;
				GCC_PREPROCESSOR_DEFINITIONS = (
					"DEBUG=1",
					"$(inherited)",
				);
				GCC_WARN_64_TO_32_BIT_CONVERSION = YES;
				GCC_WARN_ABOUT_RETURN_TYPE = YES_ERROR;
				GCC_WARN_UNDECLARED_SELECTOR = YES;
				GCC_WARN_UNINITIALIZED_AUTOS = YES_AGGRESSIVE;
				GCC_WARN_UNUSED_FUNCTION = YES;
				GCC_WARN_UNUSED_VARIABLE = YES;
				IPHONEOS_DEPLOYMENT_TARGET = 12.0;
				MTL_ENABLE_DEBUG_INFO = INCLUDE_SOURCE;
				MTL_FAST_MATH = YES;
				ONLY_ACTIVE_ARCH = YES;
				SDKROOT = iphoneos;
				SWIFT_ACTIVE_COMPILATION_CONDITIONS = DEBUG;
				SWIFT_OPTIMIZATION_LEVEL = "-Onone";
			};
			name = Debug;
		};
		5C7117ED22F6531700C8EA76 /* Release */ = {
			isa = XCBuildConfiguration;
			buildSettings = {
				ALWAYS_SEARCH_USER_PATHS = NO;
				CLANG_ANALYZER_NONNULL = YES;
				CLANG_ANALYZER_NUMBER_OBJECT_CONVERSION = YES_AGGRESSIVE;
				CLANG_CXX_LANGUAGE_STANDARD = "gnu++14";
				CLANG_CXX_LIBRARY = "libc++";
				CLANG_ENABLE_MODULES = YES;
				CLANG_ENABLE_OBJC_ARC = YES;
				CLANG_ENABLE_OBJC_WEAK = YES;
				CLANG_WARN_BLOCK_CAPTURE_AUTORELEASING = YES;
				CLANG_WARN_BOOL_CONVERSION = YES;
				CLANG_WARN_COMMA = YES;
				CLANG_WARN_CONSTANT_CONVERSION = YES;
				CLANG_WARN_DEPRECATED_OBJC_IMPLEMENTATIONS = YES;
				CLANG_WARN_DIRECT_OBJC_ISA_USAGE = YES_ERROR;
				CLANG_WARN_DOCUMENTATION_COMMENTS = YES;
				CLANG_WARN_EMPTY_BODY = YES;
				CLANG_WARN_ENUM_CONVERSION = YES;
				CLANG_WARN_INFINITE_RECURSION = YES;
				CLANG_WARN_INT_CONVERSION = YES;
				CLANG_WARN_NON_LITERAL_NULL_CONVERSION = YES;
				CLANG_WARN_OBJC_IMPLICIT_RETAIN_SELF = YES;
				CLANG_WARN_OBJC_LITERAL_CONVERSION = YES;
				CLANG_WARN_OBJC_ROOT_CLASS = YES_ERROR;
				CLANG_WARN_RANGE_LOOP_ANALYSIS = YES;
				CLANG_WARN_STRICT_PROTOTYPES = YES;
				CLANG_WARN_SUSPICIOUS_MOVE = YES;
				CLANG_WARN_UNGUARDED_AVAILABILITY = YES_AGGRESSIVE;
				CLANG_WARN_UNREACHABLE_CODE = YES;
				CLANG_WARN__DUPLICATE_METHOD_MATCH = YES;
				CODE_SIGN_IDENTITY = "iPhone Developer";
				COPY_PHASE_STRIP = NO;
				DEBUG_INFORMATION_FORMAT = "dwarf-with-dsym";
				ENABLE_NS_ASSERTIONS = NO;
				ENABLE_STRICT_OBJC_MSGSEND = YES;
				GCC_C_LANGUAGE_STANDARD = gnu11;
				GCC_NO_COMMON_BLOCKS = YES;
				GCC_WARN_64_TO_32_BIT_CONVERSION = YES;
				GCC_WARN_ABOUT_RETURN_TYPE = YES_ERROR;
				GCC_WARN_UNDECLARED_SELECTOR = YES;
				GCC_WARN_UNINITIALIZED_AUTOS = YES_AGGRESSIVE;
				GCC_WARN_UNUSED_FUNCTION = YES;
				GCC_WARN_UNUSED_VARIABLE = YES;
				IPHONEOS_DEPLOYMENT_TARGET = 12.0;
				MTL_ENABLE_DEBUG_INFO = NO;
				MTL_FAST_MATH = YES;
				SDKROOT = iphoneos;
				SWIFT_COMPILATION_MODE = wholemodule;
				SWIFT_OPTIMIZATION_LEVEL = "-O";
				VALIDATE_PRODUCT = YES;
			};
			name = Release;
		};
		5C7117EF22F6531700C8EA76 /* Debug */ = {
			isa = XCBuildConfiguration;
			buildSettings = {
				ASSETCATALOG_COMPILER_APPICON_NAME = AppIcon;
				CODE_SIGN_IDENTITY = "iPhone Developer";
				CODE_SIGN_STYLE = Automatic;
				DEVELOPMENT_TEAM = J2L54M7A2G;
				INFOPLIST_FILE = Kids_AR_Kid/Info.plist;
				LD_RUNPATH_SEARCH_PATHS = (
					"$(inherited)",
					"@executable_path/Frameworks",
				);
				MARKETING_VERSION = 1.7;
				PRODUCT_BUNDLE_IDENTIFIER = "JuliethAngel.Kids-AR-Kid";
				PRODUCT_NAME = "$(TARGET_NAME)";
				PROVISIONING_PROFILE_SPECIFIER = "";
				SWIFT_VERSION = 5.0;
				TARGETED_DEVICE_FAMILY = "1,2";
			};
			name = Debug;
		};
		5C7117F022F6531700C8EA76 /* Release */ = {
			isa = XCBuildConfiguration;
			buildSettings = {
				ASSETCATALOG_COMPILER_APPICON_NAME = AppIcon;
				CODE_SIGN_IDENTITY = "iPhone Developer";
				CODE_SIGN_STYLE = Automatic;
				DEVELOPMENT_TEAM = J2L54M7A2G;
				INFOPLIST_FILE = Kids_AR_Kid/Info.plist;
				LD_RUNPATH_SEARCH_PATHS = (
					"$(inherited)",
					"@executable_path/Frameworks",
				);
				MARKETING_VERSION = 1.7;
				PRODUCT_BUNDLE_IDENTIFIER = "JuliethAngel.Kids-AR-Kid";
				PRODUCT_NAME = "$(TARGET_NAME)";
				PROVISIONING_PROFILE_SPECIFIER = "";
				SWIFT_VERSION = 5.0;
				TARGETED_DEVICE_FAMILY = "1,2";
			};
			name = Release;
		};
/* End XCBuildConfiguration section */

/* Begin XCConfigurationList section */
		5C7117D522F6531600C8EA76 /* Build configuration list for PBXProject "Kids_AR_Kid" */ = {
			isa = XCConfigurationList;
			buildConfigurations = (
				5C7117EC22F6531700C8EA76 /* Debug */,
				5C7117ED22F6531700C8EA76 /* Release */,
			);
			defaultConfigurationIsVisible = 0;
			defaultConfigurationName = Release;
		};
		5C7117EE22F6531700C8EA76 /* Build configuration list for PBXNativeTarget "Kids_AR_Kid" */ = {
			isa = XCConfigurationList;
			buildConfigurations = (
				5C7117EF22F6531700C8EA76 /* Debug */,
				5C7117F022F6531700C8EA76 /* Release */,
			);
			defaultConfigurationIsVisible = 0;
			defaultConfigurationName = Release;
		};
/* End XCConfigurationList section */
	};
	rootObject = 5C7117D222F6531600C8EA76 /* Project object */;
}
